{
  "name": "capital-azur",
  "version": "1.0.0",
  "lockfileVersion": 1,
  "requires": true,
  "dependencies": {
    "hamburger-react": {
      "version": "2.2.0",
      "resolved": "https://registry.npmjs.org/hamburger-react/-/hamburger-react-2.2.0.tgz",
      "integrity": "sha512-7bRKPseNk2K1Upg4kP/yDcg28/wUCnGBVp1699qkyktCi2WjxQEaru9DKGZaqDJJYZzqdyLvLc9oHz3rBXm3PQ==",
      "dev": true
    }
  }
}
